
Microsoft Visual Studio Solution File, Format Version 12.00
# Visual Studio Version 16
VisualStudioVersion = 16.0.29609.76
MinimumVisualStudioVersion = 10.0.40219.1
Project("{FAE04EC0-301F-11D3-BF4B-00C04F79EFBC}") = "ApiGateway", "ApiGateway\ApiGateway.csproj", "{F98B70A5-A44B-4273-AACE-9074D2673F3F}"
EndProject
Project("{FAE04EC0-301F-11D3-BF4B-00C04F79EFBC}") = "Api_A", "Api_A\Api_A.csproj", "{91E5068F-F2C7-4F9E-B4EE-012634F17693}"
EndProject
Project("{FAE04EC0-301F-11D3-BF4B-00C04F79EFBC}") = "Api_B", "Api_B\Api_B.csproj", "{1B1F9A0A-C466-428C-B776-CB31BBFE85AD}"
EndProject
Project("{FAE04EC0-301F-11D3-BF4B-00C04F79EFBC}") = "ConsulCore", "ConsulCore\ConsulCore.csproj", "{0503881D-1AE5-47B3-8BAA-7369F0E3F7DC}"
EndProject
Global
	GlobalSection(SolutionConfigurationPlatforms) = preSolution
		Debug|Any CPU = Debug|Any CPU
		Release|Any CPU = Release|Any CPU
	EndGlobalSection
	GlobalSection(ProjectConfigurationPlatforms) = postSolution
		{F98B70A5-A44B-4273-AACE-9074D2673F3F}.Debug|Any CPU.ActiveCfg = Debug|Any CPU
		{F98B70A5-A44B-4273-AACE-9074D2673F3F}.Debug|Any CPU.Build.0 = Debug|Any CPU
		{F98B70A5-A44B-4273-AACE-9074D2673F3F}.Release|Any CPU.ActiveCfg = Release|Any CPU
		{F98B70A5-A44B-4273-AACE-9074D2673F3F}.Release|Any CPU.Build.0 = Release|Any CPU
		{91E5068F-F2C7-4F9E-B4EE-012634F17693}.Debug|Any CPU.ActiveCfg = Debug|Any CPU
		{91E5068F-F2C7-4F9E-B4EE-012634F17693}.Debug|Any CPU.Build.0 = Debug|Any CPU
		{91E5068F-F2C7-4F9E-B4EE-012634F17693}.Release|Any CPU.ActiveCfg = Release|Any CPU
		{91E5068F-F2C7-4F9E-B4EE-012634F17693}.Release|Any CPU.Build.0 = Release|Any CPU
		{1B1F9A0A-C466-428C-B776-CB31BBFE85AD}.Debug|Any CPU.ActiveCfg = Debug|Any CPU
		{1B1F9A0A-C466-428C-B776-CB31BBFE85AD}.Debug|Any CPU.Build.0 = Debug|Any CPU
		{1B1F9A0A-C466-428C-B776-CB31BBFE85AD}.Release|Any CPU.ActiveCfg = Release|Any CPU
		{1B1F9A0A-C466-428C-B776-CB31BBFE85AD}.Release|Any CPU.Build.0 = Release|Any CPU
		{0503881D-1AE5-47B3-8BAA-7369F0E3F7DC}.Debug|Any CPU.ActiveCfg = Debug|Any CPU
		{0503881D-1AE5-47B3-8BAA-7369F0E3F7DC}.Debug|Any CPU.Build.0 = Debug|Any CPU
		{0503881D-1AE5-47B3-8BAA-7369F0E3F7DC}.Release|Any CPU.ActiveCfg = Release|Any CPU
		{0503881D-1AE5-47B3-8BAA-7369F0E3F7DC}.Release|Any CPU.Build.0 = Release|Any CPU
	EndGlobalSection
	GlobalSection(SolutionProperties) = preSolution
		HideSolutionNode = FALSE
	EndGlobalSection
	GlobalSection(ExtensibilityGlobals) = postSolution
		SolutionGuid = {F71A535D-7C7C-4889-9C0E-A6BCB305DD9F}
	EndGlobalSection
EndGlobal
